// !$*UTF8*$!
{
	archiveVersion = 1;
	classes = {
	};
	objectVersion = 55;
	objects = {

/* Begin PBXBuildFile section */
		235190CE29138BBA00B62ABE /* MapViewModel.swift in Sources */ = {isa = PBXBuildFile; fileRef = 235190CD29138BBA00B62ABE /* MapViewModel.swift */; };
		23813B5628F655CE00374F01 /* ParkingLionsApp.swift in Sources */ = {isa = PBXBuildFile; fileRef = 23813B5528F655CE00374F01 /* ParkingLionsApp.swift */; };
		23813B5828F655CE00374F01 /* ContentView.swift in Sources */ = {isa = PBXBuildFile; fileRef = 23813B5728F655CE00374F01 /* ContentView.swift */; };
		23813B5A28F655D200374F01 /* Assets.xcassets in Resources */ = {isa = PBXBuildFile; fileRef = 23813B5928F655D200374F01 /* Assets.xcassets */; };
		23813B5D28F655D200374F01 /* Preview Assets.xcassets in Resources */ = {isa = PBXBuildFile; fileRef = 23813B5C28F655D200374F01 /* Preview Assets.xcassets */; };
		23813B6728F655D200374F01 /* ParkingLionsTests.swift in Sources */ = {isa = PBXBuildFile; fileRef = 23813B6628F655D200374F01 /* ParkingLionsTests.swift */; };
		23813B7128F655D200374F01 /* ParkingLionsUITests.swift in Sources */ = {isa = PBXBuildFile; fileRef = 23813B7028F655D200374F01 /* ParkingLionsUITests.swift */; };
		23813B7328F655D300374F01 /* ParkingLionsUITestsLaunchTests.swift in Sources */ = {isa = PBXBuildFile; fileRef = 23813B7228F655D300374F01 /* ParkingLionsUITestsLaunchTests.swift */; };
		238915B22918A07500F58A7B /* MapKit.framework in Frameworks */ = {isa = PBXBuildFile; fileRef = 238915B12918A07500F58A7B /* MapKit.framework */; };
		238915B62918A20F00F58A7B /* MainView.swift in Sources */ = {isa = PBXBuildFile; fileRef = 238915B52918A20F00F58A7B /* MainView.swift */; };
		23D11B9C2918BDC200053454 /* BasicMapView.swift in Sources */ = {isa = PBXBuildFile; fileRef = 23D11B9B2918BDC200053454 /* BasicMapView.swift */; };
		23D11B9E2918C2BE00053454 /* FloatingButton.swift in Sources */ = {isa = PBXBuildFile; fileRef = 23D11B9D2918C2BE00053454 /* FloatingButton.swift */; };
		23D11BA02918C66000053454 /* ListView.swift in Sources */ = {isa = PBXBuildFile; fileRef = 23D11B9F2918C66000053454 /* ListView.swift */; };
		23D11BA22918C9C100053454 /* SettingsView.swift in Sources */ = {isa = PBXBuildFile; fileRef = 23D11BA12918C9C100053454 /* SettingsView.swift */; };
		23E4A3BF29078560006E4F5B /* SetupView.swift in Sources */ = {isa = PBXBuildFile; fileRef = 23E4A3BE29078560006E4F5B /* SetupView.swift */; };
		23E4A3C12907859B006E4F5B /* LogoView.swift in Sources */ = {isa = PBXBuildFile; fileRef = 23E4A3C02907859B006E4F5B /* LogoView.swift */; };
		23E4A3C329078854006E4F5B /* SFChoiceView.swift in Sources */ = {isa = PBXBuildFile; fileRef = 23E4A3C229078854006E4F5B /* SFChoiceView.swift */; };
		23E4A3C629078DDB006E4F5B /* AdvMapView.swift in Sources */ = {isa = PBXBuildFile; fileRef = 23E4A3C529078DDB006E4F5B /* AdvMapView.swift */; };
/* End PBXBuildFile section */

/* Begin PBXContainerItemProxy section */
		23813B6328F655D200374F01 /* PBXContainerItemProxy */ = {
			isa = PBXContainerItemProxy;
			containerPortal = 23813B4A28F655CE00374F01 /* Project object */;
			proxyType = 1;
			remoteGlobalIDString = 23813B5128F655CE00374F01;
			remoteInfo = ParkingLions;
		};
		23813B6D28F655D200374F01 /* PBXContainerItemProxy */ = {
			isa = PBXContainerItemProxy;
			containerPortal = 23813B4A28F655CE00374F01 /* Project object */;
			proxyType = 1;
			remoteGlobalIDString = 23813B5128F655CE00374F01;
			remoteInfo = ParkingLions;
		};
/* End PBXContainerItemProxy section */

/* Begin PBXFileReference section */
		235190CD29138BBA00B62ABE /* MapViewModel.swift */ = {isa = PBXFileReference; lastKnownFileType = sourcecode.swift; path = MapViewModel.swift; sourceTree = "<group>"; };
		23813B5228F655CE00374F01 /* ParkingLions.app */ = {isa = PBXFileReference; explicitFileType = wrapper.application; includeInIndex = 0; path = ParkingLions.app; sourceTree = BUILT_PRODUCTS_DIR; };
		23813B5528F655CE00374F01 /* ParkingLionsApp.swift */ = {isa = PBXFileReference; lastKnownFileType = sourcecode.swift; path = ParkingLionsApp.swift; sourceTree = "<group>"; };
		23813B5728F655CE00374F01 /* ContentView.swift */ = {isa = PBXFileReference; lastKnownFileType = sourcecode.swift; path = ContentView.swift; sourceTree = "<group>"; };
		23813B5928F655D200374F01 /* Assets.xcassets */ = {isa = PBXFileReference; lastKnownFileType = folder.assetcatalog; path = Assets.xcassets; sourceTree = "<group>"; };
		23813B5C28F655D200374F01 /* Preview Assets.xcassets */ = {isa = PBXFileReference; lastKnownFileType = folder.assetcatalog; path = "Preview Assets.xcassets"; sourceTree = "<group>"; };
		23813B6228F655D200374F01 /* ParkingLionsTests.xctest */ = {isa = PBXFileReference; explicitFileType = wrapper.cfbundle; includeInIndex = 0; path = ParkingLionsTests.xctest; sourceTree = BUILT_PRODUCTS_DIR; };
		23813B6628F655D200374F01 /* ParkingLionsTests.swift */ = {isa = PBXFileReference; lastKnownFileType = sourcecode.swift; path = ParkingLionsTests.swift; sourceTree = "<group>"; };
		23813B6C28F655D200374F01 /* ParkingLionsUITests.xctest */ = {isa = PBXFileReference; explicitFileType = wrapper.cfbundle; includeInIndex = 0; path = ParkingLionsUITests.xctest; sourceTree = BUILT_PRODUCTS_DIR; };
		23813B7028F655D200374F01 /* ParkingLionsUITests.swift */ = {isa = PBXFileReference; lastKnownFileType = sourcecode.swift; path = ParkingLionsUITests.swift; sourceTree = "<group>"; };
		23813B7228F655D300374F01 /* ParkingLionsUITestsLaunchTests.swift */ = {isa = PBXFileReference; lastKnownFileType = sourcecode.swift; path = ParkingLionsUITestsLaunchTests.swift; sourceTree = "<group>"; };
		238915AF2918A07500F58A7B /* Info.plist */ = {isa = PBXFileReference; lastKnownFileType = text.plist; path = Info.plist; sourceTree = "<group>"; };
		238915B12918A07500F58A7B /* MapKit.framework */ = {isa = PBXFileReference; lastKnownFileType = wrapper.framework; name = MapKit.framework; path = System/Library/Frameworks/MapKit.framework; sourceTree = SDKROOT; };
		238915B52918A20F00F58A7B /* MainView.swift */ = {isa = PBXFileReference; lastKnownFileType = sourcecode.swift; path = MainView.swift; sourceTree = "<group>"; };
		23D11B9B2918BDC200053454 /* BasicMapView.swift */ = {isa = PBXFileReference; lastKnownFileType = sourcecode.swift; path = BasicMapView.swift; sourceTree = "<group>"; };
		23D11B9D2918C2BE00053454 /* FloatingButton.swift */ = {isa = PBXFileReference; lastKnownFileType = sourcecode.swift; path = FloatingButton.swift; sourceTree = "<group>"; };
		23D11B9F2918C66000053454 /* ListView.swift */ = {isa = PBXFileReference; lastKnownFileType = sourcecode.swift; path = ListView.swift; sourceTree = "<group>"; };
		23D11BA12918C9C100053454 /* SettingsView.swift */ = {isa = PBXFileReference; lastKnownFileType = sourcecode.swift; path = SettingsView.swift; sourceTree = "<group>"; };
		23E4A3BE29078560006E4F5B /* SetupView.swift */ = {isa = PBXFileReference; lastKnownFileType = sourcecode.swift; path = SetupView.swift; sourceTree = "<group>"; };
		23E4A3C02907859B006E4F5B /* LogoView.swift */ = {isa = PBXFileReference; lastKnownFileType = sourcecode.swift; path = LogoView.swift; sourceTree = "<group>"; };
		23E4A3C229078854006E4F5B /* SFChoiceView.swift */ = {isa = PBXFileReference; lastKnownFileType = sourcecode.swift; path = SFChoiceView.swift; sourceTree = "<group>"; };
		23E4A3C529078DDB006E4F5B /* AdvMapView.swift */ = {isa = PBXFileReference; lastKnownFileType = sourcecode.swift; path = AdvMapView.swift; sourceTree = "<group>"; };
/* End PBXFileReference section */

/* Begin PBXFrameworksBuildPhase section */
		23813B4F28F655CE00374F01 /* Frameworks */ = {
			isa = PBXFrameworksBuildPhase;
			buildActionMask = 2147483647;
			files = (
				238915B22918A07500F58A7B /* MapKit.framework in Frameworks */,
			);
			runOnlyForDeploymentPostprocessing = 0;
		};
		23813B5F28F655D200374F01 /* Frameworks */ = {
			isa = PBXFrameworksBuildPhase;
			buildActionMask = 2147483647;
			files = (
			);
			runOnlyForDeploymentPostprocessing = 0;
		};
		23813B6928F655D200374F01 /* Frameworks */ = {
			isa = PBXFrameworksBuildPhase;
			buildActionMask = 2147483647;
			files = (
			);
			runOnlyForDeploymentPostprocessing = 0;
		};
/* End PBXFrameworksBuildPhase section */

/* Begin PBXGroup section */
		23813B4928F655CE00374F01 = {
			isa = PBXGroup;
			children = (
				23813B5428F655CE00374F01 /* ParkingLions */,
				23813B6528F655D200374F01 /* ParkingLionsTests */,
				23813B6F28F655D200374F01 /* ParkingLionsUITests */,
				23813B5328F655CE00374F01 /* Products */,
				238915B02918A07500F58A7B /* Frameworks */,
			);
			sourceTree = "<group>";
		};
		23813B5328F655CE00374F01 /* Products */ = {
			isa = PBXGroup;
			children = (
				23813B5228F655CE00374F01 /* ParkingLions.app */,
				23813B6228F655D200374F01 /* ParkingLionsTests.xctest */,
				23813B6C28F655D200374F01 /* ParkingLionsUITests.xctest */,
			);
			name = Products;
			sourceTree = "<group>";
		};
		23813B5428F655CE00374F01 /* ParkingLions */ = {
			isa = PBXGroup;
			children = (
				238915AF2918A07500F58A7B /* Info.plist */,
				23813B5528F655CE00374F01 /* ParkingLionsApp.swift */,
				23813B5928F655D200374F01 /* Assets.xcassets */,
				23E4A3B929077F9F006E4F5B /* Firebase Service */,
				23E4A3B829077F95006E4F5B /* Models */,
				23E4A3B729077F68006E4F5B /* Views */,
				23813B5B28F655D200374F01 /* Preview Content */,
			);
			path = ParkingLions;
			sourceTree = "<group>";
		};
		23813B5B28F655D200374F01 /* Preview Content */ = {
			isa = PBXGroup;
			children = (
				23813B5C28F655D200374F01 /* Preview Assets.xcassets */,
			);
			path = "Preview Content";
			sourceTree = "<group>";
		};
		23813B6528F655D200374F01 /* ParkingLionsTests */ = {
			isa = PBXGroup;
			children = (
				23813B6628F655D200374F01 /* ParkingLionsTests.swift */,
			);
			path = ParkingLionsTests;
			sourceTree = "<group>";
		};
		23813B6F28F655D200374F01 /* ParkingLionsUITests */ = {
			isa = PBXGroup;
			children = (
				23813B7028F655D200374F01 /* ParkingLionsUITests.swift */,
				23813B7228F655D300374F01 /* ParkingLionsUITestsLaunchTests.swift */,
			);
			path = ParkingLionsUITests;
			sourceTree = "<group>";
		};
		238915B02918A07500F58A7B /* Frameworks */ = {
			isa = PBXGroup;
			children = (
				238915B12918A07500F58A7B /* MapKit.framework */,
			);
			name = Frameworks;
			sourceTree = "<group>";
		};
		23E4A3B729077F68006E4F5B /* Views */ = {
			isa = PBXGroup;
			children = (
				23813B5728F655CE00374F01 /* ContentView.swift */,
				238915B52918A20F00F58A7B /* MainView.swift */,
				23D11B9F2918C66000053454 /* ListView.swift */,
				23D11BA12918C9C100053454 /* SettingsView.swift */,
				23E4A3BE29078560006E4F5B /* SetupView.swift */,
				23E4A3C42907886D006E4F5B /* Helpers */,
			);
			path = Views;
			sourceTree = "<group>";
		};
		23E4A3B829077F95006E4F5B /* Models */ = {
			isa = PBXGroup;
			children = (
				235190CD29138BBA00B62ABE /* MapViewModel.swift */,
			);
			path = Models;
			sourceTree = "<group>";
		};
		23E4A3B929077F9F006E4F5B /* Firebase Service */ = {
			isa = PBXGroup;
			children = (
			);
			path = "Firebase Service";
			sourceTree = "<group>";
		};
		23E4A3C42907886D006E4F5B /* Helpers */ = {
			isa = PBXGroup;
			children = (
				23E4A3C529078DDB006E4F5B /* AdvMapView.swift */,
				23D11B9B2918BDC200053454 /* BasicMapView.swift */,
				23E4A3C02907859B006E4F5B /* LogoView.swift */,
				23E4A3C229078854006E4F5B /* SFChoiceView.swift */,
				23D11B9D2918C2BE00053454 /* FloatingButton.swift */,
			);
			path = Helpers;
			sourceTree = "<group>";
		};
/* End PBXGroup section */

/* Begin PBXNativeTarget section */
		23813B5128F655CE00374F01 /* ParkingLions */ = {
			isa = PBXNativeTarget;
			buildConfigurationList = 23813B7628F655D300374F01 /* Build configuration list for PBXNativeTarget "ParkingLions" */;
			buildPhases = (
				23813B4E28F655CE00374F01 /* Sources */,
				23813B4F28F655CE00374F01 /* Frameworks */,
				23813B5028F655CE00374F01 /* Resources */,
			);
			buildRules = (
			);
			dependencies = (
			);
			name = ParkingLions;
			productName = ParkingLions;
			productReference = 23813B5228F655CE00374F01 /* ParkingLions.app */;
			productType = "com.apple.product-type.application";
		};
		23813B6128F655D200374F01 /* ParkingLionsTests */ = {
			isa = PBXNativeTarget;
			buildConfigurationList = 23813B7928F655D300374F01 /* Build configuration list for PBXNativeTarget "ParkingLionsTests" */;
			buildPhases = (
				23813B5E28F655D200374F01 /* Sources */,
				23813B5F28F655D200374F01 /* Frameworks */,
				23813B6028F655D200374F01 /* Resources */,
			);
			buildRules = (
			);
			dependencies = (
				23813B6428F655D200374F01 /* PBXTargetDependency */,
			);
			name = ParkingLionsTests;
			productName = ParkingLionsTests;
			productReference = 23813B6228F655D200374F01 /* ParkingLionsTests.xctest */;
			productType = "com.apple.product-type.bundle.unit-test";
		};
		23813B6B28F655D200374F01 /* ParkingLionsUITests */ = {
			isa = PBXNativeTarget;
			buildConfigurationList = 23813B7C28F655D300374F01 /* Build configuration list for PBXNativeTarget "ParkingLionsUITests" */;
			buildPhases = (
				23813B6828F655D200374F01 /* Sources */,
				23813B6928F655D200374F01 /* Frameworks */,
				23813B6A28F655D200374F01 /* Resources */,
			);
			buildRules = (
			);
			dependencies = (
				23813B6E28F655D200374F01 /* PBXTargetDependency */,
			);
			name = ParkingLionsUITests;
			productName = ParkingLionsUITests;
			productReference = 23813B6C28F655D200374F01 /* ParkingLionsUITests.xctest */;
			productType = "com.apple.product-type.bundle.ui-testing";
		};
/* End PBXNativeTarget section */

/* Begin PBXProject section */
		23813B4A28F655CE00374F01 /* Project object */ = {
			isa = PBXProject;
			attributes = {
				BuildIndependentTargetsInParallel = 1;
				LastSwiftUpdateCheck = 1330;
				LastUpgradeCheck = 1330;
				TargetAttributes = {
					23813B5128F655CE00374F01 = {
						CreatedOnToolsVersion = 13.3.1;
					};
					23813B6128F655D200374F01 = {
						CreatedOnToolsVersion = 13.3.1;
						TestTargetID = 23813B5128F655CE00374F01;
					};
					23813B6B28F655D200374F01 = {
						CreatedOnToolsVersion = 13.3.1;
						TestTargetID = 23813B5128F655CE00374F01;
					};
				};
			};
			buildConfigurationList = 23813B4D28F655CE00374F01 /* Build configuration list for PBXProject "ParkingLions" */;
			compatibilityVersion = "Xcode 13.0";
			developmentRegion = en;
			hasScannedForEncodings = 0;
			knownRegions = (
				en,
				Base,
			);
			mainGroup = 23813B4928F655CE00374F01;
			productRefGroup = 23813B5328F655CE00374F01 /* Products */;
			projectDirPath = "";
			projectRoot = "";
			targets = (
				23813B5128F655CE00374F01 /* ParkingLions */,
				23813B6128F655D200374F01 /* ParkingLionsTests */,
				23813B6B28F655D200374F01 /* ParkingLionsUITests */,
			);
		};
/* End PBXProject section */

/* Begin PBXResourcesBuildPhase section */
		23813B5028F655CE00374F01 /* Resources */ = {
			isa = PBXResourcesBuildPhase;
			buildActionMask = 2147483647;
			files = (
				23813B5D28F655D200374F01 /* Preview Assets.xcassets in Resources */,
				23813B5A28F655D200374F01 /* Assets.xcassets in Resources */,
			);
			runOnlyForDeploymentPostprocessing = 0;
		};
		23813B6028F655D200374F01 /* Resources */ = {
			isa = PBXResourcesBuildPhase;
			buildActionMask = 2147483647;
			files = (
			);
			runOnlyForDeploymentPostprocessing = 0;
		};
		23813B6A28F655D200374F01 /* Resources */ = {
			isa = PBXResourcesBuildPhase;
			buildActionMask = 2147483647;
			files = (
			);
			runOnlyForDeploymentPostprocessing = 0;
		};
/* End PBXResourcesBuildPhase section */

/* Begin PBXSourcesBuildPhase section */
		23813B4E28F655CE00374F01 /* Sources */ = {
			isa = PBXSourcesBuildPhase;
			buildActionMask = 2147483647;
			files = (
				23E4A3BF29078560006E4F5B /* SetupView.swift in Sources */,
				238915B62918A20F00F58A7B /* MainView.swift in Sources */,
				23D11B9C2918BDC200053454 /* BasicMapView.swift in Sources */,
				23E4A3C629078DDB006E4F5B /* AdvMapView.swift in Sources */,
				23E4A3C12907859B006E4F5B /* LogoView.swift in Sources */,
				235190CE29138BBA00B62ABE /* MapViewModel.swift in Sources */,
				23813B5828F655CE00374F01 /* ContentView.swift in Sources */,
				23D11B9E2918C2BE00053454 /* FloatingButton.swift in Sources */,
				23D11BA02918C66000053454 /* ListView.swift in Sources */,
				23D11BA22918C9C100053454 /* SettingsView.swift in Sources */,
				23813B5628F655CE00374F01 /* ParkingLionsApp.swift in Sources */,
				23E4A3C329078854006E4F5B /* SFChoiceView.swift in Sources */,
			);
			runOnlyForDeploymentPostprocessing = 0;
		};
		23813B5E28F655D200374F01 /* Sources */ = {
			isa = PBXSourcesBuildPhase;
			buildActionMask = 2147483647;
			files = (
				23813B6728F655D200374F01 /* ParkingLionsTests.swift in Sources */,
			);
			runOnlyForDeploymentPostprocessing = 0;
		};
		23813B6828F655D200374F01 /* Sources */ = {
			isa = PBXSourcesBuildPhase;
			buildActionMask = 2147483647;
			files = (
				23813B7128F655D200374F01 /* ParkingLionsUITests.swift in Sources */,
				23813B7328F655D300374F01 /* ParkingLionsUITestsLaunchTests.swift in Sources */,
			);
			runOnlyForDeploymentPostprocessing = 0;
		};
/* End PBXSourcesBuildPhase section */

/* Begin PBXTargetDependency section */
		23813B6428F655D200374F01 /* PBXTargetDependency */ = {
			isa = PBXTargetDependency;
			target = 23813B5128F655CE00374F01 /* ParkingLions */;
			targetProxy = 23813B6328F655D200374F01 /* PBXContainerItemProxy */;
		};
		23813B6E28F655D200374F01 /* PBXTargetDependency */ = {
			isa = PBXTargetDependency;
			target = 23813B5128F655CE00374F01 /* ParkingLions */;
			targetProxy = 23813B6D28F655D200374F01 /* PBXContainerItemProxy */;
		};
/* End PBXTargetDependency section */

/* Begin XCBuildConfiguration section */
		23813B7428F655D300374F01 /* Debug */ = {
			isa = XCBuildConfiguration;
			buildSettings = {
				ALWAYS_SEARCH_USER_PATHS = NO;
				CLANG_ANALYZER_NONNULL = YES;
				CLANG_ANALYZER_NUMBER_OBJECT_CONVERSION = YES_AGGRESSIVE;
				CLANG_CXX_LANGUAGE_STANDARD = "gnu++17";
				CLANG_ENABLE_MODULES = YES;
				CLANG_ENABLE_OBJC_ARC = YES;
				CLANG_ENABLE_OBJC_WEAK = YES;
				CLANG_WARN_BLOCK_CAPTURE_AUTORELEASING = YES;
				CLANG_WARN_BOOL_CONVERSION = YES;
				CLANG_WARN_COMMA = YES;
				CLANG_WARN_CONSTANT_CONVERSION = YES;
				CLANG_WARN_DEPRECATED_OBJC_IMPLEMENTATIONS = YES;
				CLANG_WARN_DIRECT_OBJC_ISA_USAGE = YES_ERROR;
				CLANG_WARN_DOCUMENTATION_COMMENTS = YES;
				CLANG_WARN_EMPTY_BODY = YES;
				CLANG_WARN_ENUM_CONVERSION = YES;
				CLANG_WARN_INFINITE_RECURSION = YES;
				CLANG_WARN_INT_CONVERSION = YES;
				CLANG_WARN_NON_LITERAL_NULL_CONVERSION = YES;
				CLANG_WARN_OBJC_IMPLICIT_RETAIN_SELF = YES;
				CLANG_WARN_OBJC_LITERAL_CONVERSION = YES;
				CLANG_WARN_OBJC_ROOT_CLASS = YES_ERROR;
				CLANG_WARN_QUOTED_INCLUDE_IN_FRAMEWORK_HEADER = YES;
				CLANG_WARN_RANGE_LOOP_ANALYSIS = YES;
				CLANG_WARN_STRICT_PROTOTYPES = YES;
				CLANG_WARN_SUSPICIOUS_MOVE = YES;
				CLANG_WARN_UNGUARDED_AVAILABILITY = YES_AGGRESSIVE;
				CLANG_WARN_UNREACHABLE_CODE = YES;
				CLANG_WARN__DUPLICATE_METHOD_MATCH = YES;
				COPY_PHASE_STRIP = NO;
				DEBUG_INFORMATION_FORMAT = dwarf;
				ENABLE_STRICT_OBJC_MSGSEND = YES;
				ENABLE_TESTABILITY = YES;
				GCC_C_LANGUAGE_STANDARD = gnu11;
				GCC_DYNAMIC_NO_PIC = NO;
				GCC_NO_COMMON_BLOCKS = YES;
				GCC_OPTIMIZATION_LEVEL = 0;
				GCC_PREPROCESSOR_DEFINITIONS = (
					"DEBUG=1",
					"$(inherited)",
				);
				GCC_WARN_64_TO_32_BIT_CONVERSION = YES;
				GCC_WARN_ABOUT_RETURN_TYPE = YES_ERROR;
				GCC_WARN_UNDECLARED_SELECTOR = YES;
				GCC_WARN_UNINITIALIZED_AUTOS = YES_AGGRESSIVE;
				GCC_WARN_UNUSED_FUNCTION = YES;
				GCC_WARN_UNUSED_VARIABLE = YES;
				IPHONEOS_DEPLOYMENT_TARGET = 15.4;
				MTL_ENABLE_DEBUG_INFO = INCLUDE_SOURCE;
				MTL_FAST_MATH = YES;
				ONLY_ACTIVE_ARCH = YES;
				SDKROOT = iphoneos;
				SWIFT_ACTIVE_COMPILATION_CONDITIONS = DEBUG;
				SWIFT_OPTIMIZATION_LEVEL = "-Onone";
			};
			name = Debug;
		};
		23813B7528F655D300374F01 /* Release */ = {
			isa = XCBuildConfiguration;
			buildSettings = {
				ALWAYS_SEARCH_USER_PATHS = NO;
				CLANG_ANALYZER_NONNULL = YES;
				CLANG_ANALYZER_NUMBER_OBJECT_CONVERSION = YES_AGGRESSIVE;
				CLANG_CXX_LANGUAGE_STANDARD = "gnu++17";
				CLANG_ENABLE_MODULES = YES;
				CLANG_ENABLE_OBJC_ARC = YES;
				CLANG_ENABLE_OBJC_WEAK = YES;
				CLANG_WARN_BLOCK_CAPTURE_AUTORELEASING = YES;
				CLANG_WARN_BOOL_CONVERSION = YES;
				CLANG_WARN_COMMA = YES;
				CLANG_WARN_CONSTANT_CONVERSION = YES;
				CLANG_WARN_DEPRECATED_OBJC_IMPLEMENTATIONS = YES;
				CLANG_WARN_DIRECT_OBJC_ISA_USAGE = YES_ERROR;
				CLANG_WARN_DOCUMENTATION_COMMENTS = YES;
				CLANG_WARN_EMPTY_BODY = YES;
				CLANG_WARN_ENUM_CONVERSION = YES;
				CLANG_WARN_INFINITE_RECURSION = YES;
				CLANG_WARN_INT_CONVERSION = YES;
				CLANG_WARN_NON_LITERAL_NULL_CONVERSION = YES;
				CLANG_WARN_OBJC_IMPLICIT_RETAIN_SELF = YES;
				CLANG_WARN_OBJC_LITERAL_CONVERSION = YES;
				CLANG_WARN_OBJC_ROOT_CLASS = YES_ERROR;
				CLANG_WARN_QUOTED_INCLUDE_IN_FRAMEWORK_HEADER = YES;
				CLANG_WARN_RANGE_LOOP_ANALYSIS = YES;
				CLANG_WARN_STRICT_PROTOTYPES = YES;
				CLANG_WARN_SUSPICIOUS_MOVE = YES;
				CLANG_WARN_UNGUARDED_AVAILABILITY = YES_AGGRESSIVE;
				CLANG_WARN_UNREACHABLE_CODE = YES;
				CLANG_WARN__DUPLICATE_METHOD_MATCH = YES;
				COPY_PHASE_STRIP = NO;
				DEBUG_INFORMATION_FORMAT = "dwarf-with-dsym";
				ENABLE_NS_ASSERTIONS = NO;
				ENABLE_STRICT_OBJC_MSGSEND = YES;
				GCC_C_LANGUAGE_STANDARD = gnu11;
				GCC_NO_COMMON_BLOCKS = YES;
				GCC_WARN_64_TO_32_BIT_CONVERSION = YES;
				GCC_WARN_ABOUT_RETURN_TYPE = YES_ERROR;
				GCC_WARN_UNDECLARED_SELECTOR = YES;
				GCC_WARN_UNINITIALIZED_AUTOS = YES_AGGRESSIVE;
				GCC_WARN_UNUSED_FUNCTION = YES;
				GCC_WARN_UNUSED_VARIABLE = YES;
				IPHONEOS_DEPLOYMENT_TARGET = 15.4;
				MTL_ENABLE_DEBUG_INFO = NO;
				MTL_FAST_MATH = YES;
				SDKROOT = iphoneos;
				SWIFT_COMPILATION_MODE = wholemodule;
				SWIFT_OPTIMIZATION_LEVEL = "-O";
				VALIDATE_PRODUCT = YES;
			};
			name = Release;
		};
		23813B7728F655D300374F01 /* Debug */ = {
			isa = XCBuildConfiguration;
			buildSettings = {
				ASSETCATALOG_COMPILER_APPICON_NAME = AppIcon;
				ASSETCATALOG_COMPILER_GLOBAL_ACCENT_COLOR_NAME = AccentColor;
				CODE_SIGN_STYLE = Automatic;
				CURRENT_PROJECT_VERSION = 1;
				DEVELOPMENT_ASSET_PATHS = "\"ParkingLions/Preview Content\"";
				ENABLE_PREVIEWS = YES;
				GENERATE_INFOPLIST_FILE = YES;
				INFOPLIST_FILE = ParkingLions/Info.plist;
				INFOPLIST_KEY_NSLocationWhenInUseUsageDescription = "This app needs your location to know when you are in an on-campus parking area.";
				INFOPLIST_KEY_UIApplicationSceneManifest_Generation = YES;
				INFOPLIST_KEY_UIApplicationSupportsIndirectInputEvents = YES;
				INFOPLIST_KEY_UILaunchScreen_Generation = YES;
				INFOPLIST_KEY_UISupportedInterfaceOrientations_iPad = "UIInterfaceOrientationPortrait UIInterfaceOrientationPortraitUpsideDown UIInterfaceOrientationLandscapeLeft UIInterfaceOrientationLandscapeRight";
				INFOPLIST_KEY_UISupportedInterfaceOrientations_iPhone = "UIInterfaceOrientationPortrait UIInterfaceOrientationLandscapeLeft UIInterfaceOrientationLandscapeRight";
				LD_RUNPATH_SEARCH_PATHS = (
					"$(inherited)",
					"@executable_path/Frameworks",
				);
				MARKETING_VERSION = 1.0;
				PRODUCT_BUNDLE_IDENTIFIER = Xan.ParkingLions;
				PRODUCT_NAME = "$(TARGET_NAME)";
				SWIFT_EMIT_LOC_STRINGS = YES;
				SWIFT_VERSION = 5.0;
				TARGETED_DEVICE_FAMILY = "1,2";
			};
			name = Debug;
		};
		23813B7828F655D300374F01 /* Release */ = {
			isa = XCBuildConfiguration;
			buildSettings = {
				ASSETCATALOG_COMPILER_APPICON_NAME = AppIcon;
				ASSETCATALOG_COMPILER_GLOBAL_ACCENT_COLOR_NAME = AccentColor;
				CODE_SIGN_STYLE = Automatic;
				CURRENT_PROJECT_VERSION = 1;
				DEVELOPMENT_ASSET_PATHS = "\"ParkingLions/Preview Content\"";
				ENABLE_PREVIEWS = YES;
				GENERATE_INFOPLIST_FILE = YES;
				INFOPLIST_FILE = ParkingLions/Info.plist;
				INFOPLIST_KEY_NSLocationWhenInUseUsageDescription = "This app needs your location to know when you are in an on-campus parking area.";
				INFOPLIST_KEY_UIApplicationSceneManifest_Generation = YES;
				INFOPLIST_KEY_UIApplicationSupportsIndirectInputEvents = YES;
				INFOPLIST_KEY_UILaunchScreen_Generation = YES;
				INFOPLIST_KEY_UISupportedInterfaceOrientations_iPad = "UIInterfaceOrientationPortrait UIInterfaceOrientationPortraitUpsideDown UIInterfaceOrientationLandscapeLeft UIInterfaceOrientationLandscapeRight";
				INFOPLIST_KEY_UISupportedInterfaceOrientations_iPhone = "UIInterfaceOrientationPortrait UIInterfaceOrientationLandscapeLeft UIInterfaceOrientationLandscapeRight";
				LD_RUNPATH_SEARCH_PATHS = (
					"$(inherited)",
					"@executable_path/Frameworks",
				);
				MARKETING_VERSION = 1.0;
				PRODUCT_BUNDLE_IDENTIFIER = Xan.ParkingLions;
				PRODUCT_NAME = "$(TARGET_NAME)";
				SWIFT_EMIT_LOC_STRINGS = YES;
				SWIFT_VERSION = 5.0;
				TARGETED_DEVICE_FAMILY = "1,2";
			};
			name = Release;
		};
		23813B7A28F655D300374F01 /* Debug */ = {
			isa = XCBuildConfiguration;
			buildSettings = {
				ALWAYS_EMBED_SWIFT_STANDARD_LIBRARIES = YES;
				BUNDLE_LOADER = "$(TEST_HOST)";
				CODE_SIGN_STYLE = Automatic;
				CURRENT_PROJECT_VERSION = 1;
				GENERATE_INFOPLIST_FILE = YES;
				IPHONEOS_DEPLOYMENT_TARGET = 15.4;
				MARKETING_VERSION = 1.0;
				PRODUCT_BUNDLE_IDENTIFIER = Xan.ParkingLionsTests;
				PRODUCT_NAME = "$(TARGET_NAME)";
				SWIFT_EMIT_LOC_STRINGS = NO;
				SWIFT_VERSION = 5.0;
				TARGETED_DEVICE_FAMILY = "1,2";
				TEST_HOST = "$(BUILT_PRODUCTS_DIR)/ParkingLions.app/ParkingLions";
			};
			name = Debug;
		};
		23813B7B28F655D300374F01 /* Release */ = {
			isa = XCBuildConfiguration;
			buildSettings = {
				ALWAYS_EMBED_SWIFT_STANDARD_LIBRARIES = YES;
				BUNDLE_LOADER = "$(TEST_HOST)";
				CODE_SIGN_STYLE = Automatic;
				CURRENT_PROJECT_VERSION = 1;
				GENERATE_INFOPLIST_FILE = YES;
				IPHONEOS_DEPLOYMENT_TARGET = 15.4;
				MARKETING_VERSION = 1.0;
				PRODUCT_BUNDLE_IDENTIFIER = Xan.ParkingLionsTests;
				PRODUCT_NAME = "$(TARGET_NAME)";
				SWIFT_EMIT_LOC_STRINGS = NO;
				SWIFT_VERSION = 5.0;
				TARGETED_DEVICE_FAMILY = "1,2";
				TEST_HOST = "$(BUILT_PRODUCTS_DIR)/ParkingLions.app/ParkingLions";
			};
			name = Release;
		};
		23813B7D28F655D300374F01 /* Debug */ = {
			isa = XCBuildConfiguration;
			buildSettings = {
				ALWAYS_EMBED_SWIFT_STANDARD_LIBRARIES = YES;
				CODE_SIGN_STYLE = Automatic;
				CURRENT_PROJECT_VERSION = 1;
				GENERATE_INFOPLIST_FILE = YES;
				MARKETING_VERSION = 1.0;
				PRODUCT_BUNDLE_IDENTIFIER = Xan.ParkingLionsUITests;
				PRODUCT_NAME = "$(TARGET_NAME)";
				SWIFT_EMIT_LOC_STRINGS = NO;
				SWIFT_VERSION = 5.0;
				TARGETED_DEVICE_FAMILY = "1,2";
				TEST_TARGET_NAME = ParkingLions;
			};
			name = Debug;
		};
		23813B7E28F655D300374F01 /* Release */ = {
			isa = XCBuildConfiguration;
			buildSettings = {
				ALWAYS_EMBED_SWIFT_STANDARD_LIBRARIES = YES;
				CODE_SIGN_STYLE = Automatic;
				CURRENT_PROJECT_VERSION = 1;
				GENERATE_INFOPLIST_FILE = YES;
				MARKETING_VERSION = 1.0;
				PRODUCT_BUNDLE_IDENTIFIER = Xan.ParkingLionsUITests;
				PRODUCT_NAME = "$(TARGET_NAME)";
				SWIFT_EMIT_LOC_STRINGS = NO;
				SWIFT_VERSION = 5.0;
				TARGETED_DEVICE_FAMILY = "1,2";
				TEST_TARGET_NAME = ParkingLions;
			};
			name = Release;
		};
/* End XCBuildConfiguration section */

/* Begin XCConfigurationList section */
		23813B4D28F655CE00374F01 /* Build configuration list for PBXProject "ParkingLions" */ = {
			isa = XCConfigurationList;
			buildConfigurations = (
				23813B7428F655D300374F01 /* Debug */,
				23813B7528F655D300374F01 /* Release */,
			);
			defaultConfigurationIsVisible = 0;
			defaultConfigurationName = Release;
		};
		23813B7628F655D300374F01 /* Build configuration list for PBXNativeTarget "ParkingLions" */ = {
			isa = XCConfigurationList;
			buildConfigurations = (
				23813B7728F655D300374F01 /* Debug */,
				23813B7828F655D300374F01 /* Release */,
			);
			defaultConfigurationIsVisible = 0;
			defaultConfigurationName = Release;
		};
		23813B7928F655D300374F01 /* Build configuration list for PBXNativeTarget "ParkingLionsTests" */ = {
			isa = XCConfigurationList;
			buildConfigurations = (
				23813B7A28F655D300374F01 /* Debug */,
				23813B7B28F655D300374F01 /* Release */,
			);
			defaultConfigurationIsVisible = 0;
			defaultConfigurationName = Release;
		};
		23813B7C28F655D300374F01 /* Build configuration list for PBXNativeTarget "ParkingLionsUITests" */ = {
			isa = XCConfigurationList;
			buildConfigurations = (
				23813B7D28F655D300374F01 /* Debug */,
				23813B7E28F655D300374F01 /* Release */,
			);
			defaultConfigurationIsVisible = 0;
			defaultConfigurationName = Release;
		};
/* End XCConfigurationList section */
	};
	rootObject = 23813B4A28F655CE00374F01 /* Project object */;
}
