// !$*UTF8*$!
{
	archiveVersion = 1;
	classes = {
	};
	objectVersion = 50;
	objects = {

/* Begin PBXBuildFile section */
		03A9434B291C449C0088B7BB /* MapViewModel.swift in Sources */ = {isa = PBXBuildFile; fileRef = 03A9434A291C449C0088B7BB /* MapViewModel.swift */; };
		03A9434D291C44D80088B7BB /* MainView.swift in Sources */ = {isa = PBXBuildFile; fileRef = 03A9434C291C44D80088B7BB /* MainView.swift */; };
		03A9434F291C44F80088B7BB /* ListView.swift in Sources */ = {isa = PBXBuildFile; fileRef = 03A9434E291C44F80088B7BB /* ListView.swift */; };
		03A94351291C451C0088B7BB /* SettingsView.swift in Sources */ = {isa = PBXBuildFile; fileRef = 03A94350291C451C0088B7BB /* SettingsView.swift */; };
		03A94353291C46930088B7BB /* MapKit.framework in Frameworks */ = {isa = PBXBuildFile; fileRef = 03A94352291C46930088B7BB /* MapKit.framework */; };
		03A94355291C47150088B7BB /* MapView.swift in Sources */ = {isa = PBXBuildFile; fileRef = 03A94354291C47150088B7BB /* MapView.swift */; };
		03A94359291C475E0088B7BB /* FloatingButton.swift in Sources */ = {isa = PBXBuildFile; fileRef = 03A94358291C475E0088B7BB /* FloatingButton.swift */; };
		03E507DD29136B160006299B /* ContentView.swift in Sources */ = {isa = PBXBuildFile; fileRef = 03E507DC29136B160006299B /* ContentView.swift */; };
		03E507E129136B620006299B /* LogoView.swift in Sources */ = {isa = PBXBuildFile; fileRef = 03E507E029136B620006299B /* LogoView.swift */; };
		5EF46B1B273ECB320093EDC8 /* AppDelegate.swift in Sources */ = {isa = PBXBuildFile; fileRef = 5EF46B1A273ECB320093EDC8 /* AppDelegate.swift */; };
		5EF46B1D273ECB320093EDC8 /* SceneDelegate.swift in Sources */ = {isa = PBXBuildFile; fileRef = 5EF46B1C273ECB320093EDC8 /* SceneDelegate.swift */; };
		5EF46B21273ECB330093EDC8 /* Assets.xcassets in Resources */ = {isa = PBXBuildFile; fileRef = 5EF46B20273ECB330093EDC8 /* Assets.xcassets */; };
		5EF46B24273ECB330093EDC8 /* Preview Assets.xcassets in Resources */ = {isa = PBXBuildFile; fileRef = 5EF46B23273ECB330093EDC8 /* Preview Assets.xcassets */; };
/* End PBXBuildFile section */

/* Begin PBXFileReference section */
		0309B65E291CA52700919A2C /* LMU.gpx */ = {isa = PBXFileReference; lastKnownFileType = text.xml; path = LMU.gpx; sourceTree = "<group>"; };
		0309B65F291CA5F200919A2C /* ParkingHealth.gpx */ = {isa = PBXFileReference; lastKnownFileType = text.xml; path = ParkingHealth.gpx; sourceTree = "<group>"; };
		037B9F8329048108003F1DFF /* LMU-ParkingA.gpx */ = {isa = PBXFileReference; lastKnownFileType = text.xml; path = "LMU-ParkingA.gpx"; sourceTree = "<group>"; };
		03A9434A291C449C0088B7BB /* MapViewModel.swift */ = {isa = PBXFileReference; lastKnownFileType = sourcecode.swift; path = MapViewModel.swift; sourceTree = "<group>"; };
		03A9434C291C44D80088B7BB /* MainView.swift */ = {isa = PBXFileReference; lastKnownFileType = sourcecode.swift; path = MainView.swift; sourceTree = "<group>"; };
		03A9434E291C44F80088B7BB /* ListView.swift */ = {isa = PBXFileReference; lastKnownFileType = sourcecode.swift; path = ListView.swift; sourceTree = "<group>"; };
		03A94350291C451C0088B7BB /* SettingsView.swift */ = {isa = PBXFileReference; lastKnownFileType = sourcecode.swift; path = SettingsView.swift; sourceTree = "<group>"; };
		03A94352291C46930088B7BB /* MapKit.framework */ = {isa = PBXFileReference; lastKnownFileType = wrapper.framework; name = MapKit.framework; path = System/Library/Frameworks/MapKit.framework; sourceTree = SDKROOT; };
		03A94354291C47150088B7BB /* MapView.swift */ = {isa = PBXFileReference; lastKnownFileType = sourcecode.swift; path = MapView.swift; sourceTree = "<group>"; };
		03A94358291C475E0088B7BB /* FloatingButton.swift */ = {isa = PBXFileReference; lastKnownFileType = sourcecode.swift; path = FloatingButton.swift; sourceTree = "<group>"; };
		03E507DC29136B160006299B /* ContentView.swift */ = {isa = PBXFileReference; lastKnownFileType = sourcecode.swift; path = ContentView.swift; sourceTree = "<group>"; };
		03E507E029136B620006299B /* LogoView.swift */ = {isa = PBXFileReference; lastKnownFileType = sourcecode.swift; path = LogoView.swift; sourceTree = "<group>"; };
		03E507E629136BF70006299B /* ParkingUHall.gpx */ = {isa = PBXFileReference; lastKnownFileType = text.xml; path = ParkingUHall.gpx; sourceTree = "<group>"; };
		5EF46B17273ECB320093EDC8 /* ParkingLions.app */ = {isa = PBXFileReference; explicitFileType = wrapper.application; includeInIndex = 0; path = ParkingLions.app; sourceTree = BUILT_PRODUCTS_DIR; };
		5EF46B1A273ECB320093EDC8 /* AppDelegate.swift */ = {isa = PBXFileReference; lastKnownFileType = sourcecode.swift; path = AppDelegate.swift; sourceTree = "<group>"; };
		5EF46B1C273ECB320093EDC8 /* SceneDelegate.swift */ = {isa = PBXFileReference; lastKnownFileType = sourcecode.swift; path = SceneDelegate.swift; sourceTree = "<group>"; };
		5EF46B20273ECB330093EDC8 /* Assets.xcassets */ = {isa = PBXFileReference; lastKnownFileType = folder.assetcatalog; path = Assets.xcassets; sourceTree = "<group>"; };
		5EF46B23273ECB330093EDC8 /* Preview Assets.xcassets */ = {isa = PBXFileReference; lastKnownFileType = folder.assetcatalog; path = "Preview Assets.xcassets"; sourceTree = "<group>"; };
/* End PBXFileReference section */

/* Begin PBXFrameworksBuildPhase section */
		5EF46B14273ECB320093EDC8 /* Frameworks */ = {
			isa = PBXFrameworksBuildPhase;
			buildActionMask = 2147483647;
			files = (
				03A94353291C46930088B7BB /* MapKit.framework in Frameworks */,
			);
			runOnlyForDeploymentPostprocessing = 0;
		};
/* End PBXFrameworksBuildPhase section */

/* Begin PBXGroup section */
		037B9F81290474D3003F1DFF /* Frameworks */ = {
			isa = PBXGroup;
			children = (
				03A94352291C46930088B7BB /* MapKit.framework */,
			);
			name = Frameworks;
			sourceTree = "<group>";
		};
		03A7CFD129137E05007D4ED2 /* GeoFencing */ = {
			isa = PBXGroup;
			children = (
				5EF46B1C273ECB320093EDC8 /* SceneDelegate.swift */,
				03A7CFD229137E2C007D4ED2 /* Simulate GPS */,
			);
			path = GeoFencing;
			sourceTree = "<group>";
		};
		03A7CFD229137E2C007D4ED2 /* Simulate GPS */ = {
			isa = PBXGroup;
			children = (
				0309B65F291CA5F200919A2C /* ParkingHealth.gpx */,
				0309B65E291CA52700919A2C /* LMU.gpx */,
				037B9F8329048108003F1DFF /* LMU-ParkingA.gpx */,
				03E507E629136BF70006299B /* ParkingUHall.gpx */,
			);
			path = "Simulate GPS";
			sourceTree = "<group>";
		};
		03A94349291C44810088B7BB /* Models */ = {
			isa = PBXGroup;
			children = (
				03A9434A291C449C0088B7BB /* MapViewModel.swift */,
			);
			path = Models;
			sourceTree = "<group>";
		};
		03E507E429136B900006299B /* Views */ = {
			isa = PBXGroup;
			children = (
				03E507DC29136B160006299B /* ContentView.swift */,
				03A94350291C451C0088B7BB /* SettingsView.swift */,
				03A9434E291C44F80088B7BB /* ListView.swift */,
				03A9434C291C44D80088B7BB /* MainView.swift */,
				03A94354291C47150088B7BB /* MapView.swift */,
				03E507E529136BA40006299B /* Helpers */,
			);
			path = Views;
			sourceTree = "<group>";
		};
		03E507E529136BA40006299B /* Helpers */ = {
			isa = PBXGroup;
			children = (
				03E507E029136B620006299B /* LogoView.swift */,
				03A94358291C475E0088B7BB /* FloatingButton.swift */,
			);
			path = Helpers;
			sourceTree = "<group>";
		};
		03E507ED29137A980006299B /* ParkingLions */ = {
			isa = PBXGroup;
			children = (
				5EF46B1A273ECB320093EDC8 /* AppDelegate.swift */,
				03A94349291C44810088B7BB /* Models */,
				03A7CFD129137E05007D4ED2 /* GeoFencing */,
				03E507E429136B900006299B /* Views */,
			);
			path = ParkingLions;
			sourceTree = "<group>";
		};
		5EF46B0E273ECB320093EDC8 = {
			isa = PBXGroup;
			children = (
				03E507ED29137A980006299B /* ParkingLions */,
				5EF46B20273ECB330093EDC8 /* Assets.xcassets */,
				5EF46B23273ECB330093EDC8 /* Preview Assets.xcassets */,
				5EF46B18273ECB320093EDC8 /* Products */,
				037B9F81290474D3003F1DFF /* Frameworks */,
			);
			sourceTree = "<group>";
		};
		5EF46B18273ECB320093EDC8 /* Products */ = {
			isa = PBXGroup;
			children = (
				5EF46B17273ECB320093EDC8 /* ParkingLions.app */,
			);
			name = Products;
			sourceTree = "<group>";
		};
/* End PBXGroup section */

/* Begin PBXNativeTarget section */
		5EF46B16273ECB320093EDC8 /* ParkingLions */ = {
			isa = PBXNativeTarget;
			buildConfigurationList = 5EF46B2B273ECB330093EDC8 /* Build configuration list for PBXNativeTarget "ParkingLions" */;
			buildPhases = (
				5EF46B13273ECB320093EDC8 /* Sources */,
				5EF46B14273ECB320093EDC8 /* Frameworks */,
				5EF46B15273ECB320093EDC8 /* Resources */,
			);
			buildRules = (
			);
			dependencies = (
			);
			name = ParkingLions;
			productName = RegoinMonitor;
			productReference = 5EF46B17273ECB320093EDC8 /* ParkingLions.app */;
			productType = "com.apple.product-type.application";
		};
/* End PBXNativeTarget section */

/* Begin PBXProject section */
		5EF46B0F273ECB320093EDC8 /* Project object */ = {
			isa = PBXProject;
			attributes = {
				LastSwiftUpdateCheck = 1220;
				LastUpgradeCheck = 1220;
				TargetAttributes = {
					5EF46B16273ECB320093EDC8 = {
						CreatedOnToolsVersion = 12.2;
					};
				};
			};
			buildConfigurationList = 5EF46B12273ECB320093EDC8 /* Build configuration list for PBXProject "ParkingLions" */;
			compatibilityVersion = "Xcode 9.3";
			developmentRegion = en;
			hasScannedForEncodings = 0;
			knownRegions = (
				en,
				Base,
			);
			mainGroup = 5EF46B0E273ECB320093EDC8;
			productRefGroup = 5EF46B18273ECB320093EDC8 /* Products */;
			projectDirPath = "";
			projectRoot = "";
			targets = (
				5EF46B16273ECB320093EDC8 /* ParkingLions */,
			);
		};
/* End PBXProject section */

/* Begin PBXResourcesBuildPhase section */
		5EF46B15273ECB320093EDC8 /* Resources */ = {
			isa = PBXResourcesBuildPhase;
			buildActionMask = 2147483647;
			files = (
				5EF46B24273ECB330093EDC8 /* Preview Assets.xcassets in Resources */,
				5EF46B21273ECB330093EDC8 /* Assets.xcassets in Resources */,
			);
			runOnlyForDeploymentPostprocessing = 0;
		};
/* End PBXResourcesBuildPhase section */

/* Begin PBXSourcesBuildPhase section */
		5EF46B13273ECB320093EDC8 /* Sources */ = {
			isa = PBXSourcesBuildPhase;
			buildActionMask = 2147483647;
			files = (
				5EF46B1B273ECB320093EDC8 /* AppDelegate.swift in Sources */,
				03A9434D291C44D80088B7BB /* MainView.swift in Sources */,
				03A9434F291C44F80088B7BB /* ListView.swift in Sources */,
				03E507E129136B620006299B /* LogoView.swift in Sources */,
				03E507DD29136B160006299B /* ContentView.swift in Sources */,
				03A94359291C475E0088B7BB /* FloatingButton.swift in Sources */,
				5EF46B1D273ECB320093EDC8 /* SceneDelegate.swift in Sources */,
				03A9434B291C449C0088B7BB /* MapViewModel.swift in Sources */,
				03A94351291C451C0088B7BB /* SettingsView.swift in Sources */,
				03A94355291C47150088B7BB /* MapView.swift in Sources */,
			);
			runOnlyForDeploymentPostprocessing = 0;
		};
/* End PBXSourcesBuildPhase section */

/* Begin XCBuildConfiguration section */
		5EF46B29273ECB330093EDC8 /* Debug */ = {
			isa = XCBuildConfiguration;
			buildSettings = {
				ALWAYS_SEARCH_USER_PATHS = NO;
				CLANG_ANALYZER_NONNULL = YES;
				CLANG_ANALYZER_NUMBER_OBJECT_CONVERSION = YES_AGGRESSIVE;
				CLANG_CXX_LANGUAGE_STANDARD = "gnu++14";
				CLANG_CXX_LIBRARY = "libc++";
				CLANG_ENABLE_MODULES = YES;
				CLANG_ENABLE_OBJC_ARC = YES;
				CLANG_ENABLE_OBJC_WEAK = YES;
				CLANG_WARN_BLOCK_CAPTURE_AUTORELEASING = YES;
				CLANG_WARN_BOOL_CONVERSION = YES;
				CLANG_WARN_COMMA = YES;
				CLANG_WARN_CONSTANT_CONVERSION = YES;
				CLANG_WARN_DEPRECATED_OBJC_IMPLEMENTATIONS = YES;
				CLANG_WARN_DIRECT_OBJC_ISA_USAGE = YES_ERROR;
				CLANG_WARN_DOCUMENTATION_COMMENTS = YES;
				CLANG_WARN_EMPTY_BODY = YES;
				CLANG_WARN_ENUM_CONVERSION = YES;
				CLANG_WARN_INFINITE_RECURSION = YES;
				CLANG_WARN_INT_CONVERSION = YES;
				CLANG_WARN_NON_LITERAL_NULL_CONVERSION = YES;
				CLANG_WARN_OBJC_IMPLICIT_RETAIN_SELF = YES;
				CLANG_WARN_OBJC_LITERAL_CONVERSION = YES;
				CLANG_WARN_OBJC_ROOT_CLASS = YES_ERROR;
				CLANG_WARN_QUOTED_INCLUDE_IN_FRAMEWORK_HEADER = YES;
				CLANG_WARN_RANGE_LOOP_ANALYSIS = YES;
				CLANG_WARN_STRICT_PROTOTYPES = YES;
				CLANG_WARN_SUSPICIOUS_MOVE = YES;
				CLANG_WARN_UNGUARDED_AVAILABILITY = YES_AGGRESSIVE;
				CLANG_WARN_UNREACHABLE_CODE = YES;
				CLANG_WARN__DUPLICATE_METHOD_MATCH = YES;
				COPY_PHASE_STRIP = NO;
				DEBUG_INFORMATION_FORMAT = dwarf;
				ENABLE_STRICT_OBJC_MSGSEND = YES;
				ENABLE_TESTABILITY = YES;
				GCC_C_LANGUAGE_STANDARD = gnu11;
				GCC_DYNAMIC_NO_PIC = NO;
				GCC_NO_COMMON_BLOCKS = YES;
				GCC_OPTIMIZATION_LEVEL = 0;
				GCC_PREPROCESSOR_DEFINITIONS = (
					"DEBUG=1",
					"$(inherited)",
				);
				GCC_WARN_64_TO_32_BIT_CONVERSION = YES;
				GCC_WARN_ABOUT_RETURN_TYPE = YES_ERROR;
				GCC_WARN_UNDECLARED_SELECTOR = YES;
				GCC_WARN_UNINITIALIZED_AUTOS = YES_AGGRESSIVE;
				GCC_WARN_UNUSED_FUNCTION = YES;
				GCC_WARN_UNUSED_VARIABLE = YES;
				IPHONEOS_DEPLOYMENT_TARGET = 16.0;
				MTL_ENABLE_DEBUG_INFO = INCLUDE_SOURCE;
				MTL_FAST_MATH = YES;
				ONLY_ACTIVE_ARCH = YES;
				SDKROOT = iphoneos;
				SWIFT_ACTIVE_COMPILATION_CONDITIONS = DEBUG;
				SWIFT_OPTIMIZATION_LEVEL = "-Onone";
			};
			name = Debug;
		};
		5EF46B2A273ECB330093EDC8 /* Release */ = {
			isa = XCBuildConfiguration;
			buildSettings = {
				ALWAYS_SEARCH_USER_PATHS = NO;
				CLANG_ANALYZER_NONNULL = YES;
				CLANG_ANALYZER_NUMBER_OBJECT_CONVERSION = YES_AGGRESSIVE;
				CLANG_CXX_LANGUAGE_STANDARD = "gnu++14";
				CLANG_CXX_LIBRARY = "libc++";
				CLANG_ENABLE_MODULES = YES;
				CLANG_ENABLE_OBJC_ARC = YES;
				CLANG_ENABLE_OBJC_WEAK = YES;
				CLANG_WARN_BLOCK_CAPTURE_AUTORELEASING = YES;
				CLANG_WARN_BOOL_CONVERSION = YES;
				CLANG_WARN_COMMA = YES;
				CLANG_WARN_CONSTANT_CONVERSION = YES;
				CLANG_WARN_DEPRECATED_OBJC_IMPLEMENTATIONS = YES;
				CLANG_WARN_DIRECT_OBJC_ISA_USAGE = YES_ERROR;
				CLANG_WARN_DOCUMENTATION_COMMENTS = YES;
				CLANG_WARN_EMPTY_BODY = YES;
				CLANG_WARN_ENUM_CONVERSION = YES;
				CLANG_WARN_INFINITE_RECURSION = YES;
				CLANG_WARN_INT_CONVERSION = YES;
				CLANG_WARN_NON_LITERAL_NULL_CONVERSION = YES;
				CLANG_WARN_OBJC_IMPLICIT_RETAIN_SELF = YES;
				CLANG_WARN_OBJC_LITERAL_CONVERSION = YES;
				CLANG_WARN_OBJC_ROOT_CLASS = YES_ERROR;
				CLANG_WARN_QUOTED_INCLUDE_IN_FRAMEWORK_HEADER = YES;
				CLANG_WARN_RANGE_LOOP_ANALYSIS = YES;
				CLANG_WARN_STRICT_PROTOTYPES = YES;
				CLANG_WARN_SUSPICIOUS_MOVE = YES;
				CLANG_WARN_UNGUARDED_AVAILABILITY = YES_AGGRESSIVE;
				CLANG_WARN_UNREACHABLE_CODE = YES;
				CLANG_WARN__DUPLICATE_METHOD_MATCH = YES;
				COPY_PHASE_STRIP = NO;
				DEBUG_INFORMATION_FORMAT = "dwarf-with-dsym";
				ENABLE_NS_ASSERTIONS = NO;
				ENABLE_STRICT_OBJC_MSGSEND = YES;
				GCC_C_LANGUAGE_STANDARD = gnu11;
				GCC_NO_COMMON_BLOCKS = YES;
				GCC_WARN_64_TO_32_BIT_CONVERSION = YES;
				GCC_WARN_ABOUT_RETURN_TYPE = YES_ERROR;
				GCC_WARN_UNDECLARED_SELECTOR = YES;
				GCC_WARN_UNINITIALIZED_AUTOS = YES_AGGRESSIVE;
				GCC_WARN_UNUSED_FUNCTION = YES;
				GCC_WARN_UNUSED_VARIABLE = YES;
				IPHONEOS_DEPLOYMENT_TARGET = 16.0;
				MTL_ENABLE_DEBUG_INFO = NO;
				MTL_FAST_MATH = YES;
				SDKROOT = iphoneos;
				SWIFT_COMPILATION_MODE = wholemodule;
				SWIFT_OPTIMIZATION_LEVEL = "-O";
				VALIDATE_PRODUCT = YES;
			};
			name = Release;
		};
		5EF46B2C273ECB330093EDC8 /* Debug */ = {
			isa = XCBuildConfiguration;
			buildSettings = {
				ASSETCATALOG_COMPILER_APPICON_NAME = AppIcon;
				ASSETCATALOG_COMPILER_GLOBAL_ACCENT_COLOR_NAME = AccentColor;
				CODE_SIGN_STYLE = Automatic;
				DEVELOPMENT_ASSET_PATHS = "";
				DEVELOPMENT_TEAM = "";
				ENABLE_PREVIEWS = YES;
				INFOPLIST_FILE = ParkingLions/Info.plist;
				IPHONEOS_DEPLOYMENT_TARGET = 16.0;
				LD_RUNPATH_SEARCH_PATHS = (
					"$(inherited)",
					"@executable_path/Frameworks",
				);
				PRODUCT_BUNDLE_IDENTIFIER = com.app.ParkingLions;
				PRODUCT_NAME = "$(TARGET_NAME)";
				SWIFT_VERSION = 5.0;
				TARGETED_DEVICE_FAMILY = "1,2";
			};
			name = Debug;
		};
		5EF46B2D273ECB330093EDC8 /* Release */ = {
			isa = XCBuildConfiguration;
			buildSettings = {
				ASSETCATALOG_COMPILER_APPICON_NAME = AppIcon;
				ASSETCATALOG_COMPILER_GLOBAL_ACCENT_COLOR_NAME = AccentColor;
				CODE_SIGN_STYLE = Automatic;
				DEVELOPMENT_ASSET_PATHS = "";
				DEVELOPMENT_TEAM = "";
				ENABLE_PREVIEWS = YES;
				INFOPLIST_FILE = ParkingLions/Info.plist;
				IPHONEOS_DEPLOYMENT_TARGET = 16.0;
				LD_RUNPATH_SEARCH_PATHS = (
					"$(inherited)",
					"@executable_path/Frameworks",
				);
				PRODUCT_BUNDLE_IDENTIFIER = com.app.ParkingLions;
				PRODUCT_NAME = "$(TARGET_NAME)";
				SWIFT_VERSION = 5.0;
				TARGETED_DEVICE_FAMILY = "1,2";
			};
			name = Release;
		};
/* End XCBuildConfiguration section */

/* Begin XCConfigurationList section */
		5EF46B12273ECB320093EDC8 /* Build configuration list for PBXProject "ParkingLions" */ = {
			isa = XCConfigurationList;
			buildConfigurations = (
				5EF46B29273ECB330093EDC8 /* Debug */,
				5EF46B2A273ECB330093EDC8 /* Release */,
			);
			defaultConfigurationIsVisible = 0;
			defaultConfigurationName = Release;
		};
		5EF46B2B273ECB330093EDC8 /* Build configuration list for PBXNativeTarget "ParkingLions" */ = {
			isa = XCConfigurationList;
			buildConfigurations = (
				5EF46B2C273ECB330093EDC8 /* Debug */,
				5EF46B2D273ECB330093EDC8 /* Release */,
			);
			defaultConfigurationIsVisible = 0;
			defaultConfigurationName = Release;
		};
/* End XCConfigurationList section */
	};
	rootObject = 5EF46B0F273ECB320093EDC8 /* Project object */;
}
